
Microsoft Visual Studio Solution File, Format Version 12.00
# Visual Studio Version 16
VisualStudioVersion = 16.0.31702.278
MinimumVisualStudioVersion = 10.0.40219.1
Project("{FAE04EC0-301F-11D3-BF4B-00C04F79EFBC}") = "pz_5", "pz_5\pz_5.csproj", "{2CBCA5F2-E7EB-409A-A7BE-567CE653B1DB}"
EndProject
Global
	GlobalSection(SolutionConfigurationPlatforms) = preSolution
		Debug|Any CPU = Debug|Any CPU
		Release|Any CPU = Release|Any CPU
	EndGlobalSection
	GlobalSection(ProjectConfigurationPlatforms) = postSolution
		{2CBCA5F2-E7EB-409A-A7BE-567CE653B1DB}.Debug|Any CPU.ActiveCfg = Debug|Any CPU
		{2CBCA5F2-E7EB-409A-A7BE-567CE653B1DB}.Debug|Any CPU.Build.0 = Debug|Any CPU
		{2CBCA5F2-E7EB-409A-A7BE-567CE653B1DB}.Release|Any CPU.ActiveCfg = Release|Any CPU
		{2CBCA5F2-E7EB-409A-A7BE-567CE653B1DB}.Release|Any CPU.Build.0 = Release|Any CPU
	EndGlobalSection
	GlobalSection(SolutionProperties) = preSolution
		HideSolutionNode = FALSE
	EndGlobalSection
	GlobalSection(ExtensibilityGlobals) = postSolution
		SolutionGuid = {3DEB72A3-F7A9-4C3A-93A2-B77ED52D56C7}
	EndGlobalSection
EndGlobal
